// !$*UTF8*$!
{
	archiveVersion = 1;
	classes = {
	};
	objectVersion = 46;
	objects = {

/* Begin PBXBuildFile section */
		CA05F7971F72C11A00DD72BB /* Photos.framework in Frameworks */ = {isa = PBXBuildFile; fileRef = CA05F7961F72C11A00DD72BB /* Photos.framework */; };
		CA0FB1231F72C64300C587A0 /* MapKit.framework in Frameworks */ = {isa = PBXBuildFile; fileRef = CA0FB1221F72C64300C587A0 /* MapKit.framework */; };
		CA374A451F73EBC300CBC013 /* LocationPoint.m in Sources */ = {isa = PBXBuildFile; fileRef = CA374A441F73EBC300CBC013 /* LocationPoint.m */; };
		CA67F1A01F72BD4500C832BF /* main.m in Sources */ = {isa = PBXBuildFile; fileRef = CA67F19F1F72BD4500C832BF /* main.m */; };
		CA67F1A31F72BD4500C832BF /* AppDelegate.m in Sources */ = {isa = PBXBuildFile; fileRef = CA67F1A21F72BD4500C832BF /* AppDelegate.m */; };
		CA67F1A61F72BD4500C832BF /* ViewController.m in Sources */ = {isa = PBXBuildFile; fileRef = CA67F1A51F72BD4500C832BF /* ViewController.m */; };
		CA67F1A91F72BD4500C832BF /* Main.storyboard in Resources */ = {isa = PBXBuildFile; fileRef = CA67F1A71F72BD4500C832BF /* Main.storyboard */; };
		CA67F1AB1F72BD4500C832BF /* Assets.xcassets in Resources */ = {isa = PBXBuildFile; fileRef = CA67F1AA1F72BD4500C832BF /* Assets.xcassets */; };
		CA67F1AE1F72BD4500C832BF /* LaunchScreen.storyboard in Resources */ = {isa = PBXBuildFile; fileRef = CA67F1AC1F72BD4500C832BF /* LaunchScreen.storyboard */; };
/* End PBXBuildFile section */

/* Begin PBXFileReference section */
		CA05F7941F72C01700DD72BB /* CoreMedia.framework */ = {isa = PBXFileReference; lastKnownFileType = wrapper.framework; name = CoreMedia.framework; path = System/Library/Frameworks/CoreMedia.framework; sourceTree = SDKROOT; };
		CA05F7961F72C11A00DD72BB /* Photos.framework */ = {isa = PBXFileReference; lastKnownFileType = wrapper.framework; name = Photos.framework; path = System/Library/Frameworks/Photos.framework; sourceTree = SDKROOT; };
		CA0FB1221F72C64300C587A0 /* MapKit.framework */ = {isa = PBXFileReference; lastKnownFileType = wrapper.framework; name = MapKit.framework; path = System/Library/Frameworks/MapKit.framework; sourceTree = SDKROOT; };
		CA374A431F73EBC300CBC013 /* LocationPoint.h */ = {isa = PBXFileReference; lastKnownFileType = sourcecode.c.h; path = LocationPoint.h; sourceTree = "<group>"; };
		CA374A441F73EBC300CBC013 /* LocationPoint.m */ = {isa = PBXFileReference; lastKnownFileType = sourcecode.c.objc; path = LocationPoint.m; sourceTree = "<group>"; };
		CA67F19B1F72BD4500C832BF /* DetectLocations.app */ = {isa = PBXFileReference; explicitFileType = wrapper.application; includeInIndex = 0; path = DetectLocations.app; sourceTree = BUILT_PRODUCTS_DIR; };
		CA67F19F1F72BD4500C832BF /* main.m */ = {isa = PBXFileReference; lastKnownFileType = sourcecode.c.objc; path = main.m; sourceTree = "<group>"; };
		CA67F1A11F72BD4500C832BF /* AppDelegate.h */ = {isa = PBXFileReference; lastKnownFileType = sourcecode.c.h; path = AppDelegate.h; sourceTree = "<group>"; };
		CA67F1A21F72BD4500C832BF /* AppDelegate.m */ = {isa = PBXFileReference; lastKnownFileType = sourcecode.c.objc; path = AppDelegate.m; sourceTree = "<group>"; };
		CA67F1A41F72BD4500C832BF /* ViewController.h */ = {isa = PBXFileReference; lastKnownFileType = sourcecode.c.h; path = ViewController.h; sourceTree = "<group>"; };
		CA67F1A51F72BD4500C832BF /* ViewController.m */ = {isa = PBXFileReference; lastKnownFileType = sourcecode.c.objc; path = ViewController.m; sourceTree = "<group>"; };
		CA67F1A81F72BD4500C832BF /* Base */ = {isa = PBXFileReference; lastKnownFileType = file.storyboard; name = Base; path = Base.lproj/Main.storyboard; sourceTree = "<group>"; };
		CA67F1AA1F72BD4500C832BF /* Assets.xcassets */ = {isa = PBXFileReference; lastKnownFileType = folder.assetcatalog; path = Assets.xcassets; sourceTree = "<group>"; };
		CA67F1AD1F72BD4500C832BF /* Base */ = {isa = PBXFileReference; lastKnownFileType = file.storyboard; name = Base; path = Base.lproj/LaunchScreen.storyboard; sourceTree = "<group>"; };
		CA67F1AF1F72BD4500C832BF /* Info.plist */ = {isa = PBXFileReference; lastKnownFileType = text.plist.xml; path = Info.plist; sourceTree = "<group>"; };
/* End PBXFileReference section */

/* Begin PBXFrameworksBuildPhase section */
		CA67F1981F72BD4500C832BF /* Frameworks */ = {
			isa = PBXFrameworksBuildPhase;
			buildActionMask = 2147483647;
			files = (
				CA0FB1231F72C64300C587A0 /* MapKit.framework in Frameworks */,
				CA05F7971F72C11A00DD72BB /* Photos.framework in Frameworks */,
			);
			runOnlyForDeploymentPostprocessing = 0;
		};
/* End PBXFrameworksBuildPhase section */

/* Begin PBXGroup section */
		CA05F7931F72C01700DD72BB /* Frameworks */ = {
			isa = PBXGroup;
			children = (
				CA0FB1221F72C64300C587A0 /* MapKit.framework */,
				CA05F7961F72C11A00DD72BB /* Photos.framework */,
				CA05F7941F72C01700DD72BB /* CoreMedia.framework */,
			);
			name = Frameworks;
			sourceTree = "<group>";
		};
		CA67F1921F72BD4500C832BF = {
			isa = PBXGroup;
			children = (
				CA67F19D1F72BD4500C832BF /* DetectLocations */,
				CA67F19C1F72BD4500C832BF /* Products */,
				CA05F7931F72C01700DD72BB /* Frameworks */,
			);
			sourceTree = "<group>";
		};
		CA67F19C1F72BD4500C832BF /* Products */ = {
			isa = PBXGroup;
			children = (
				CA67F19B1F72BD4500C832BF /* DetectLocations.app */,
			);
			name = Products;
			sourceTree = "<group>";
		};
		CA67F19D1F72BD4500C832BF /* DetectLocations */ = {
			isa = PBXGroup;
			children = (
				CA67F1A11F72BD4500C832BF /* AppDelegate.h */,
				CA67F1A21F72BD4500C832BF /* AppDelegate.m */,
				CA67F1A41F72BD4500C832BF /* ViewController.h */,
				CA67F1A51F72BD4500C832BF /* ViewController.m */,
				CA67F1A71F72BD4500C832BF /* Main.storyboard */,
				CA67F1AA1F72BD4500C832BF /* Assets.xcassets */,
				CA67F1AC1F72BD4500C832BF /* LaunchScreen.storyboard */,
				CA67F1AF1F72BD4500C832BF /* Info.plist */,
				CA67F19E1F72BD4500C832BF /* Supporting Files */,
				CA374A431F73EBC300CBC013 /* LocationPoint.h */,
				CA374A441F73EBC300CBC013 /* LocationPoint.m */,
			);
			path = DetectLocations;
			sourceTree = "<group>";
		};
		CA67F19E1F72BD4500C832BF /* Supporting Files */ = {
			isa = PBXGroup;
			children = (
				CA67F19F1F72BD4500C832BF /* main.m */,
			);
			name = "Supporting Files";
			sourceTree = "<group>";
		};
/* End PBXGroup section */

/* Begin PBXNativeTarget section */
		CA67F19A1F72BD4500C832BF /* DetectLocations */ = {
			isa = PBXNativeTarget;
			buildConfigurationList = CA67F1B21F72BD4500C832BF /* Build configuration list for PBXNativeTarget "DetectLocations" */;
			buildPhases = (
				CA67F1971F72BD4500C832BF /* Sources */,
				CA67F1981F72BD4500C832BF /* Frameworks */,
				CA67F1991F72BD4500C832BF /* Resources */,
			);
			buildRules = (
			);
			dependencies = (
			);
			name = DetectLocations;
			productName = DetectLocations;
			productReference = CA67F19B1F72BD4500C832BF /* DetectLocations.app */;
			productType = "com.apple.product-type.application";
		};
/* End PBXNativeTarget section */

/* Begin PBXProject section */
		CA67F1931F72BD4500C832BF /* Project object */ = {
			isa = PBXProject;
			attributes = {
				LastUpgradeCheck = 0900;
				ORGANIZATIONNAME = "Felix Krause";
				TargetAttributes = {
					CA67F19A1F72BD4500C832BF = {
						CreatedOnToolsVersion = 8.3.2;
						DevelopmentTeam = N8X438SEU2;
						ProvisioningStyle = Manual;
					};
				};
			};
			buildConfigurationList = CA67F1961F72BD4500C832BF /* Build configuration list for PBXProject "DetectLocations" */;
			compatibilityVersion = "Xcode 3.2";
			developmentRegion = English;
			hasScannedForEncodings = 0;
			knownRegions = (
				en,
				Base,
			);
			mainGroup = CA67F1921F72BD4500C832BF;
			productRefGroup = CA67F19C1F72BD4500C832BF /* Products */;
			projectDirPath = "";
			projectRoot = "";
			targets = (
				CA67F19A1F72BD4500C832BF /* DetectLocations */,
			);
		};
/* End PBXProject section */

/* Begin PBXResourcesBuildPhase section */
		CA67F1991F72BD4500C832BF /* Resources */ = {
			isa = PBXResourcesBuildPhase;
			buildActionMask = 2147483647;
			files = (
				CA67F1AE1F72BD4500C832BF /* LaunchScreen.storyboard in Resources */,
				CA67F1AB1F72BD4500C832BF /* Assets.xcassets in Resources */,
				CA67F1A91F72BD4500C832BF /* Main.storyboard in Resources */,
			);
			runOnlyForDeploymentPostprocessing = 0;
		};
/* End PBXResourcesBuildPhase section */

/* Begin PBXSourcesBuildPhase section */
		CA67F1971F72BD4500C832BF /* Sources */ = {
			isa = PBXSourcesBuildPhase;
			buildActionMask = 2147483647;
			files = (
				CA67F1A61F72BD4500C832BF /* ViewController.m in Sources */,
				CA374A451F73EBC300CBC013 /* LocationPoint.m in Sources */,
				CA67F1A31F72BD4500C832BF /* AppDelegate.m in Sources */,
				CA67F1A01F72BD4500C832BF /* main.m in Sources */,
			);
			runOnlyForDeploymentPostprocessing = 0;
		};
/* End PBXSourcesBuildPhase section */

/* Begin PBXVariantGroup section */
		CA67F1A71F72BD4500C832BF /* Main.storyboard */ = {
			isa = PBXVariantGroup;
			children = (
				CA67F1A81F72BD4500C832BF /* Base */,
			);
			name = Main.storyboard;
			sourceTree = "<group>";
		};
		CA67F1AC1F72BD4500C832BF /* LaunchScreen.storyboard */ = {
			isa = PBXVariantGroup;
			children = (
				CA67F1AD1F72BD4500C832BF /* Base */,
			);
			name = LaunchScreen.storyboard;
			sourceTree = "<group>";
		};
/* End PBXVariantGroup section */

/* Begin XCBuildConfiguration section */
		CA67F1B01F72BD4500C832BF /* Debug */ = {
			isa = XCBuildConfiguration;
			buildSettings = {
				ALWAYS_SEARCH_USER_PATHS = NO;
				CLANG_ANALYZER_NONNULL = YES;
				CLANG_ANALYZER_NUMBER_OBJECT_CONVERSION = YES_AGGRESSIVE;
				CLANG_CXX_LANGUAGE_STANDARD = "gnu++0x";
				CLANG_CXX_LIBRARY = "libc++";
				CLANG_ENABLE_MODULES = YES;
				CLANG_ENABLE_OBJC_ARC = YES;
				CLANG_WARN_BLOCK_CAPTURE_AUTORELEASING = YES;
				CLANG_WARN_BOOL_CONVERSION = YES;
				CLANG_WARN_COMMA = YES;
				CLANG_WARN_CONSTANT_CONVERSION = YES;
				CLANG_WARN_DIRECT_OBJC_ISA_USAGE = YES_ERROR;
				CLANG_WARN_DOCUMENTATION_COMMENTS = YES;
				CLANG_WARN_EMPTY_BODY = YES;
				CLANG_WARN_ENUM_CONVERSION = YES;
				CLANG_WARN_INFINITE_RECURSION = YES;
				CLANG_WARN_INT_CONVERSION = YES;
				CLANG_WARN_NON_LITERAL_NULL_CONVERSION = YES;
				CLANG_WARN_OBJC_LITERAL_CONVERSION = YES;
				CLANG_WARN_OBJC_ROOT_CLASS = YES_ERROR;
				CLANG_WARN_RANGE_LOOP_ANALYSIS = YES;
				CLANG_WARN_STRICT_PROTOTYPES = YES;
				CLANG_WARN_SUSPICIOUS_MOVE = YES;
				CLANG_WARN_UNREACHABLE_CODE = YES;
				CLANG_WARN__DUPLICATE_METHOD_MATCH = YES;
				"CODE_SIGN_IDENTITY[sdk=iphoneos*]" = "iPhone Developer";
				COPY_PHASE_STRIP = NO;
				DEBUG_INFORMATION_FORMAT = dwarf;
				ENABLE_STRICT_OBJC_MSGSEND = YES;
				ENABLE_TESTABILITY = YES;
				GCC_C_LANGUAGE_STANDARD = gnu99;
				GCC_DYNAMIC_NO_PIC = NO;
				GCC_NO_COMMON_BLOCKS = YES;
				GCC_OPTIMIZATION_LEVEL = 0;
				GCC_PREPROCESSOR_DEFINITIONS = (
					"DEBUG=1",
					"$(inherited)",
				);
				GCC_WARN_64_TO_32_BIT_CONVERSION = YES;
				GCC_WARN_ABOUT_RETURN_TYPE = YES_ERROR;
				GCC_WARN_UNDECLARED_SELECTOR = YES;
				GCC_WARN_UNINITIALIZED_AUTOS = YES_AGGRESSIVE;
				GCC_WARN_UNUSED_FUNCTION = YES;
				GCC_WARN_UNUSED_VARIABLE = YES;
				IPHONEOS_DEPLOYMENT_TARGET = 10.3;
				MTL_ENABLE_DEBUG_INFO = YES;
				ONLY_ACTIVE_ARCH = YES;
				SDKROOT = iphoneos;
				TARGETED_DEVICE_FAMILY = "1,2";
			};
			name = Debug;
		};
		CA67F1B11F72BD4500C832BF /* Release */ = {
			isa = XCBuildConfiguration;
			buildSettings = {
				ALWAYS_SEARCH_USER_PATHS = NO;
				CLANG_ANALYZER_NONNULL = YES;
				CLANG_ANALYZER_NUMBER_OBJECT_CONVERSION = YES_AGGRESSIVE;
				CLANG_CXX_LANGUAGE_STANDARD = "gnu++0x";
				CLANG_CXX_LIBRARY = "libc++";
				CLANG_ENABLE_MODULES = YES;
				CLANG_ENABLE_OBJC_ARC = YES;
				CLANG_WARN_BLOCK_CAPTURE_AUTORELEASING = YES;
				CLANG_WARN_BOOL_CONVERSION = YES;
				CLANG_WARN_COMMA = YES;
				CLANG_WARN_CONSTANT_CONVERSION = YES;
				CLANG_WARN_DIRECT_OBJC_ISA_USAGE = YES_ERROR;
				CLANG_WARN_DOCUMENTATION_COMMENTS = YES;
				CLANG_WARN_EMPTY_BODY = YES;
				CLANG_WARN_ENUM_CONVERSION = YES;
				CLANG_WARN_INFINITE_RECURSION = YES;
				CLANG_WARN_INT_CONVERSION = YES;
				CLANG_WARN_NON_LITERAL_NULL_CONVERSION = YES;
				CLANG_WARN_OBJC_LITERAL_CONVERSION = YES;
				CLANG_WARN_OBJC_ROOT_CLASS = YES_ERROR;
				CLANG_WARN_RANGE_LOOP_ANALYSIS = YES;
				CLANG_WARN_STRICT_PROTOTYPES = YES;
				CLANG_WARN_SUSPICIOUS_MOVE = YES;
				CLANG_WARN_UNREACHABLE_CODE = YES;
				CLANG_WARN__DUPLICATE_METHOD_MATCH = YES;
				"CODE_SIGN_IDENTITY[sdk=iphoneos*]" = "iPhone Developer";
				COPY_PHASE_STRIP = NO;
				DEBUG_INFORMATION_FORMAT = "dwarf-with-dsym";
				ENABLE_NS_ASSERTIONS = NO;
				ENABLE_STRICT_OBJC_MSGSEND = YES;
				GCC_C_LANGUAGE_STANDARD = gnu99;
				GCC_NO_COMMON_BLOCKS = YES;
				GCC_WARN_64_TO_32_BIT_CONVERSION = YES;
				GCC_WARN_ABOUT_RETURN_TYPE = YES_ERROR;
				GCC_WARN_UNDECLARED_SELECTOR = YES;
				GCC_WARN_UNINITIALIZED_AUTOS = YES_AGGRESSIVE;
				GCC_WARN_UNUSED_FUNCTION = YES;
				GCC_WARN_UNUSED_VARIABLE = YES;
				IPHONEOS_DEPLOYMENT_TARGET = 10.3;
				MTL_ENABLE_DEBUG_INFO = NO;
				SDKROOT = iphoneos;
				TARGETED_DEVICE_FAMILY = "1,2";
				VALIDATE_PRODUCT = YES;
			};
			name = Release;
		};
		CA67F1B31F72BD4500C832BF /* Debug */ = {
			isa = XCBuildConfiguration;
			buildSettings = {
				ASSETCATALOG_COMPILER_APPICON_NAME = AppIcon;
				"CODE_SIGN_IDENTITY[sdk=iphoneos*]" = "iPhone Distribution";
				CODE_SIGN_STYLE = Manual;
				DEVELOPMENT_TEAM = N8X438SEU2;
				INFOPLIST_FILE = DetectLocations/Info.plist;
				LD_RUNPATH_SEARCH_PATHS = "$(inherited) @executable_path/Frameworks";
				PRODUCT_BUNDLE_IDENTIFIER = com.krausefx.detect.location;
				PRODUCT_NAME = "$(TARGET_NAME)";
				PROVISIONING_PROFILE = "23467215-db41-4eef-9b49-a9b5d9cc24ba";
				PROVISIONING_PROFILE_SPECIFIER = "match AppStore com.krausefx.detect.location";
				TARGETED_DEVICE_FAMILY = 1;
			};
			name = Debug;
		};
		CA67F1B41F72BD4500C832BF /* Release */ = {
			isa = XCBuildConfiguration;
			buildSettings = {
				ASSETCATALOG_COMPILER_APPICON_NAME = AppIcon;
				"CODE_SIGN_IDENTITY[sdk=iphoneos*]" = "iPhone Distribution";
				CODE_SIGN_STYLE = Manual;
				DEVELOPMENT_TEAM = N8X438SEU2;
				INFOPLIST_FILE = DetectLocations/Info.plist;
				LD_RUNPATH_SEARCH_PATHS = "$(inherited) @executable_path/Frameworks";
				PRODUCT_BUNDLE_IDENTIFIER = com.krausefx.detect.location;
				PRODUCT_NAME = "$(TARGET_NAME)";
				PROVISIONING_PROFILE = "23467215-db41-4eef-9b49-a9b5d9cc24ba";
				PROVISIONING_PROFILE_SPECIFIER = "match AppStore com.krausefx.detect.location";
				TARGETED_DEVICE_FAMILY = 1;
			};
			name = Release;
		};
/* End XCBuildConfiguration section */

/* Begin XCConfigurationList section */
		CA67F1961F72BD4500C832BF /* Build configuration list for PBXProject "DetectLocations" */ = {
			isa = XCConfigurationList;
			buildConfigurations = (
				CA67F1B01F72BD4500C832BF /* Debug */,
				CA67F1B11F72BD4500C832BF /* Release */,
			);
			defaultConfigurationIsVisible = 0;
			defaultConfigurationName = Release;
		};
		CA67F1B21F72BD4500C832BF /* Build configuration list for PBXNativeTarget "DetectLocations" */ = {
			isa = XCConfigurationList;
			buildConfigurations = (
				CA67F1B31F72BD4500C832BF /* Debug */,
				CA67F1B41F72BD4500C832BF /* Release */,
			);
			defaultConfigurationIsVisible = 0;
			defaultConfigurationName = Release;
		};
/* End XCConfigurationList section */
	};
	rootObject = CA67F1931F72BD4500C832BF /* Project object */;
}
